
Microsoft Visual Studio Solution File, Format Version 12.00
# Visual Studio Version 16
VisualStudioVersion = 16.0.29512.175
MinimumVisualStudioVersion = 10.0.40219.1
Project("{FAE04EC0-301F-11D3-BF4B-00C04F79EFBC}") = "ReverseArray", "ReverseArray\ReverseArray.csproj", "{D0254420-A35C-4F2F-919E-426AA9ED0C63}"
EndProject
Project("{FAE04EC0-301F-11D3-BF4B-00C04F79EFBC}") = "NestedLoopsToRecursion", "NestedLoopsToRecursion\NestedLoopsToRecursion.csproj", "{18347E17-7449-47D3-AFCC-5E5C5E6C6C70}"
EndProject
Project("{FAE04EC0-301F-11D3-BF4B-00C04F79EFBC}") = "CombinationWithRepetition", "CombinationWithRepetition\CombinationWithRepetition.csproj", "{5F70DE91-6D78-4B1F-B2E8-5BB3EC23C634}"
EndProject
Project("{FAE04EC0-301F-11D3-BF4B-00C04F79EFBC}") = "TowerOfHanoi", "TowerOfHanoi\TowerOfHanoi.csproj", "{A39D2A04-2F2D-4AE7-92FF-445B04280CB0}"
EndProject
Global
	GlobalSection(SolutionConfigurationPlatforms) = preSolution
		Debug|Any CPU = Debug|Any CPU
		Release|Any CPU = Release|Any CPU
	EndGlobalSection
	GlobalSection(ProjectConfigurationPlatforms) = postSolution
		{D0254420-A35C-4F2F-919E-426AA9ED0C63}.Debug|Any CPU.ActiveCfg = Debug|Any CPU
		{D0254420-A35C-4F2F-919E-426AA9ED0C63}.Debug|Any CPU.Build.0 = Debug|Any CPU
		{D0254420-A35C-4F2F-919E-426AA9ED0C63}.Release|Any CPU.ActiveCfg = Release|Any CPU
		{D0254420-A35C-4F2F-919E-426AA9ED0C63}.Release|Any CPU.Build.0 = Release|Any CPU
		{18347E17-7449-47D3-AFCC-5E5C5E6C6C70}.Debug|Any CPU.ActiveCfg = Debug|Any CPU
		{18347E17-7449-47D3-AFCC-5E5C5E6C6C70}.Debug|Any CPU.Build.0 = Debug|Any CPU
		{18347E17-7449-47D3-AFCC-5E5C5E6C6C70}.Release|Any CPU.ActiveCfg = Release|Any CPU
		{18347E17-7449-47D3-AFCC-5E5C5E6C6C70}.Release|Any CPU.Build.0 = Release|Any CPU
		{5F70DE91-6D78-4B1F-B2E8-5BB3EC23C634}.Debug|Any CPU.ActiveCfg = Debug|Any CPU
		{5F70DE91-6D78-4B1F-B2E8-5BB3EC23C634}.Debug|Any CPU.Build.0 = Debug|Any CPU
		{5F70DE91-6D78-4B1F-B2E8-5BB3EC23C634}.Release|Any CPU.ActiveCfg = Release|Any CPU
		{5F70DE91-6D78-4B1F-B2E8-5BB3EC23C634}.Release|Any CPU.Build.0 = Release|Any CPU
		{A39D2A04-2F2D-4AE7-92FF-445B04280CB0}.Debug|Any CPU.ActiveCfg = Debug|Any CPU
		{A39D2A04-2F2D-4AE7-92FF-445B04280CB0}.Debug|Any CPU.Build.0 = Debug|Any CPU
		{A39D2A04-2F2D-4AE7-92FF-445B04280CB0}.Release|Any CPU.ActiveCfg = Release|Any CPU
		{A39D2A04-2F2D-4AE7-92FF-445B04280CB0}.Release|Any CPU.Build.0 = Release|Any CPU
	EndGlobalSection
	GlobalSection(SolutionProperties) = preSolution
		HideSolutionNode = FALSE
	EndGlobalSection
	GlobalSection(ExtensibilityGlobals) = postSolution
		SolutionGuid = {F607CD9F-BC4F-4181-8C2A-BB15854B67CD}
	EndGlobalSection
EndGlobal
